lockfileVersion: '6.0'

settings:
  autoInstallPeers: true
  excludeLinksFromLockfile: false

dependencies:
  commander:
    specifier: ^11.0.0
    version: 11.0.0
  figlet:
    specifier: ^1.6.0
    version: 1.6.0

devDependencies:
  '@types/figlet':
    specifier: ^1.5.6
    version: 1.5.6
  '@types/node':
    specifier: ^20.4.4
    version: 20.4.4
  typescript:
    specifier: ^5.1.6
    version: 5.1.6

packages:

  /@types/figlet@1.5.6:
    resolution: {integrity: sha512-AOdn9cKJGXpqfHeif16xeGMwWefB4nsOyxkdRMpc+PEP3nUxzu3psJfIqhjrCNW4Sejt5i6rISWmEwK0sw03mA==}
    dev: true

  /@types/node@20.4.4:
    resolution: {integrity: sha512-CukZhumInROvLq3+b5gLev+vgpsIqC2D0deQr/yS1WnxvmYLlJXZpaQrQiseMY+6xusl79E04UjWoqyr+t1/Ew==}
    dev: true

  /commander@11.0.0:
    resolution: {integrity: sha512-9HMlXtt/BNoYr8ooyjjNRdIilOTkVJXB+GhxMTtOKwk0R4j4lS4NpjuqmRxroBfnfTSHQIHQB7wryHhXarNjmQ==}
    engines: {node: '>=16'}
    dev: false

  /figlet@1.6.0:
    resolution: {integrity: sha512-31EQGhCEITv6+hi2ORRPyn3bulaV9Fl4xOdR169cBzH/n1UqcxsiSB/noo6SJdD7Kfb1Ljit+IgR1USvF/XbdA==}
    engines: {node: '>= 0.4.0'}
    hasBin: true
    dev: false

  /typescript@5.1.6:
    resolution: {integrity: sha512-zaWCozRZ6DLEWAWFrVDz1H6FVXzUSfTy5FUMWsQlU8Ym5JP9eO4xkTIROFCQvhQf61z6O/G6ugw3SgAnvvm+HA==}
    engines: {node: '>=14.17'}
    hasBin: true
    dev: true
